{
    "_meta": {
        "hash": {
            "sha256": "8b3020bcf465fc6721f5d7855235f7fbdfc08178c6b66037d168e3d897ddc4f3"
        },
        "pipfile-spec": 6,
        "requires": {
            "python_version": "3.9"
        },
        "sources": [
            {
                "name": "pypi",
                "url": "https://pypi.org/simple",
                "verify_ssl": true
            }
        ]
    },
    "default": {
        "certifi": {
            "hashes": [
                "sha256:78884e7c1d4b00ce3cea67b44566851c4343c120abd683433ce934a68ea58872",
                "sha256:d62a0163eb4c2344ac042ab2bdf75399a71a2d8c7d47eac2e2ee91b9d6339569"
            ],
            "version": "==2021.10.8"
        },
        "charset-normalizer": {
            "hashes": [
                "sha256:e019de665e2bcf9c2b64e2e5aa025fa991da8720daa3c1138cadd2fd1856aed0",
                "sha256:f7af805c321bfa1ce6714c51f254e0d5bb5e5834039bc17db7ebe3a4cec9492b"
            ],
            "markers": "python_version >= '3'",
            "version": "==2.0.7"
        },
        "click": {
            "hashes": [
                "sha256:353f466495adaeb40b6b5f592f9f91cb22372351c84caeb068132442a4518ef3",
                "sha256:410e932b050f5eed773c4cda94de75971c89cdb3155a72a0831139a79e5ecb5b"
            ],
            "markers": "python_version >= '3.6'",
            "version": "==8.0.3"
        },
        "idna": {
            "hashes": [
                "sha256:14475042e284991034cb48e06f6851428fb14c4dc953acd9be9a5e95c7b6dd7a",
                "sha256:467fbad99067910785144ce333826c71fb0e63a425657295239737f7ecd125f3"
            ],
            "markers": "python_version >= '3'",
            "version": "==3.2"
        },
        "langdetect": {
            "hashes": [
                "sha256:7cbc0746252f19e76f77c0b1690aadf01963be835ef0cd4b56dddf2a8f1dfc2a",
                "sha256:cbc1fef89f8d062739774bd51eda3da3274006b3661d199c2655f6b3f6d605a0"
            ],
            "index": "pypi",
            "version": "==1.0.9"
        },
        "pychrome": {
            "hashes": [
                "sha256:dc4f788a9e1495276b0380988af1988e32aba74d727b1f7d22a25b9db7229b56"
            ],
            "index": "pypi",
            "version": "==0.2.3"
        },
        "python-abp": {
            "hashes": [
                "sha256:f36d0e9fdc089587c26036e0403f36d729395fc9f4dbce45baf3a493d1de8112"
            ],
            "index": "pypi",
            "version": "==0.2.0"
        },
        "requests": {
            "hashes": [
                "sha256:6c1246513ecd5ecd4528a0906f910e8f0f9c6b8ec72030dc9fd154dc1a6efd24",
                "sha256:b8aa58f8cf793ffd8782d3d8cb19e66ef36f7aba4353eec859e74678b01b07a7"
            ],
            "markers": "python_version >= '2.7' and python_version not in '3.0, 3.1, 3.2, 3.3, 3.4, 3.5'",
            "version": "==2.26.0"
        },
        "six": {
            "hashes": [
                "sha256:1e61c37477a1626458e36f7b1d82aa5c9b094fa4802892072e49de9c60c4c926",
                "sha256:8abb2f1d86890a2dfb989f9a77cfcfd3e47c2a354b01111771326f8aa26e0254"
            ],
            "markers": "python_version >= '2.7' and python_version not in '3.0, 3.1, 3.2, 3.3'",
            "version": "==1.16.0"
        },
        "tld": {
            "hashes": [
                "sha256:266106ad9035f54cd5cce5f823911a51f697e7c58cb45bfbd6c53b4c2976ece2",
                "sha256:69fed19d26bb3f715366fb4af66fdeace896c55c052b00e8aaba3a7b63f3e7f0",
                "sha256:826bbe61dccc8d63144b51caef83e1373fbaac6f9ada46fca7846021f5d36fef",
                "sha256:843844e4256c943983d86366b5af3ac9cd1c9a0b6465f04d9f70e3b4c1a7989f",
                "sha256:a92ac6b84917e7d9e934434b8d37e9be534598f138fbb86b3c0d5426f2621890",
                "sha256:b6650f2d5392a49760064bc55d73ce3397a378ef24ded96efb516c6b8ec68c26",
                "sha256:ef5b162d6fa295822dacd4fe4df1b62d8df2550795a97399a8905821b58d3702"
            ],
            "index": "pypi",
            "version": "==0.12.6"
        },
        "tranco": {
            "hashes": [
                "sha256:22566231f9b895d0ba3c071662bbe71bc776f565ec7359e53a027c17a645ee21",
                "sha256:3e56533a525ef186b20b8ce0a3294bc2e5aa6c090b59d061cb2a43afa9d03aef"
            ],
            "index": "pypi",
            "version": "==0.6"
        },
        "urllib3": {
            "hashes": [
                "sha256:4987c65554f7a2dbf30c18fd48778ef124af6fab771a377103da0585e2336ece",
                "sha256:c4fdf4019605b6e5423637e01bc9fe4daef873709a7973e195ceba0a62bbc844"
            ],
            "markers": "python_version >= '2.7' and python_version not in '3.0, 3.1, 3.2, 3.3, 3.4' and python_version < '4'",
            "version": "==1.26.7"
        },
        "websocket-client": {
            "hashes": [
                "sha256:0133d2f784858e59959ce82ddac316634229da55b498aac311f1620567a710ec",
                "sha256:8dfb715d8a992f5712fff8c843adae94e22b22a99b2c5e6b0ec4a1a981cc4e0d"
            ],
            "markers": "python_version >= '3.6'",
            "version": "==1.2.1"
        }
    },
    "develop": {}
}
